
Microsoft Visual Studio Solution File, Format Version 12.00
# Visual Studio Version 16
VisualStudioVersion = 16.0.31515.178
MinimumVisualStudioVersion = 10.0.40219.1
Project("{FAE04EC0-301F-11D3-BF4B-00C04F79EFBC}") = "OAuthDemo", "OAuthDemo\OAuthDemo.csproj", "{1B4C913C-352D-4CD1-8BA2-8C69A8B85784}"
EndProject
Global
	GlobalSection(SolutionConfigurationPlatforms) = preSolution
		Debug|Any CPU = Debug|Any CPU
		Release|Any CPU = Release|Any CPU
	EndGlobalSection
	GlobalSection(ProjectConfigurationPlatforms) = postSolution
		{1B4C913C-352D-4CD1-8BA2-8C69A8B85784}.Debug|Any CPU.ActiveCfg = Debug|Any CPU
		{1B4C913C-352D-4CD1-8BA2-8C69A8B85784}.Debug|Any CPU.Build.0 = Debug|Any CPU
		{1B4C913C-352D-4CD1-8BA2-8C69A8B85784}.Release|Any CPU.ActiveCfg = Release|Any CPU
		{1B4C913C-352D-4CD1-8BA2-8C69A8B85784}.Release|Any CPU.Build.0 = Release|Any CPU
	EndGlobalSection
	GlobalSection(SolutionProperties) = preSolution
		HideSolutionNode = FALSE
	EndGlobalSection
	GlobalSection(ExtensibilityGlobals) = postSolution
		SolutionGuid = {79E16C9D-022E-4333-84B3-79C7F0BFA0C2}
	EndGlobalSection
EndGlobal
